// !$*UTF8*$!
{
	archiveVersion = 1;
	classes = {
	};
	objectVersion = 56;
	objects = {

/* Begin PBXBuildFile section */
		2A2AE7B32906CF0500102CF2 /* AppDelegate.swift in Sources */ = {isa = PBXBuildFile; fileRef = 2A2AE7B22906CF0500102CF2 /* AppDelegate.swift */; };
		2A2AE7B52906CF0500102CF2 /* SceneDelegate.swift in Sources */ = {isa = PBXBuildFile; fileRef = 2A2AE7B42906CF0500102CF2 /* SceneDelegate.swift */; };
		2A2AE7B72906CF0500102CF2 /* ViewController.swift in Sources */ = {isa = PBXBuildFile; fileRef = 2A2AE7B62906CF0500102CF2 /* ViewController.swift */; };
		2A2AE7BA2906CF0500102CF2 /* Main.storyboard in Resources */ = {isa = PBXBuildFile; fileRef = 2A2AE7B82906CF0500102CF2 /* Main.storyboard */; };
		2A2AE7BC2906CF0600102CF2 /* Assets.xcassets in Resources */ = {isa = PBXBuildFile; fileRef = 2A2AE7BB2906CF0600102CF2 /* Assets.xcassets */; };
		2A2AE7BF2906CF0600102CF2 /* LaunchScreen.storyboard in Resources */ = {isa = PBXBuildFile; fileRef = 2A2AE7BD2906CF0600102CF2 /* LaunchScreen.storyboard */; };
		2A2AE7CA2906CF0600102CF2 /* QuotesGeneratorTests.swift in Sources */ = {isa = PBXBuildFile; fileRef = 2A2AE7C92906CF0600102CF2 /* QuotesGeneratorTests.swift */; };
		2A2AE7D42906CF0600102CF2 /* QuotesGeneratorUITests.swift in Sources */ = {isa = PBXBuildFile; fileRef = 2A2AE7D32906CF0600102CF2 /* QuotesGeneratorUITests.swift */; };
		2A2AE7D62906CF0600102CF2 /* QuotesGeneratorUITestsLaunchTests.swift in Sources */ = {isa = PBXBuildFile; fileRef = 2A2AE7D52906CF0600102CF2 /* QuotesGeneratorUITestsLaunchTests.swift */; };
/* End PBXBuildFile section */

/* Begin PBXContainerItemProxy section */
		2A2AE7C62906CF0600102CF2 /* PBXContainerItemProxy */ = {
			isa = PBXContainerItemProxy;
			containerPortal = 2A2AE7A72906CF0500102CF2 /* Project object */;
			proxyType = 1;
			remoteGlobalIDString = 2A2AE7AE2906CF0500102CF2;
			remoteInfo = QuotesGenerator;
		};
		2A2AE7D02906CF0600102CF2 /* PBXContainerItemProxy */ = {
			isa = PBXContainerItemProxy;
			containerPortal = 2A2AE7A72906CF0500102CF2 /* Project object */;
			proxyType = 1;
			remoteGlobalIDString = 2A2AE7AE2906CF0500102CF2;
			remoteInfo = QuotesGenerator;
		};
/* End PBXContainerItemProxy section */

/* Begin PBXFileReference section */
		2A2AE7AF2906CF0500102CF2 /* QuotesGenerator.app */ = {isa = PBXFileReference; explicitFileType = wrapper.application; includeInIndex = 0; path = QuotesGenerator.app; sourceTree = BUILT_PRODUCTS_DIR; };
		2A2AE7B22906CF0500102CF2 /* AppDelegate.swift */ = {isa = PBXFileReference; lastKnownFileType = sourcecode.swift; path = AppDelegate.swift; sourceTree = "<group>"; };
		2A2AE7B42906CF0500102CF2 /* SceneDelegate.swift */ = {isa = PBXFileReference; lastKnownFileType = sourcecode.swift; path = SceneDelegate.swift; sourceTree = "<group>"; };
		2A2AE7B62906CF0500102CF2 /* ViewController.swift */ = {isa = PBXFileReference; lastKnownFileType = sourcecode.swift; path = ViewController.swift; sourceTree = "<group>"; };
		2A2AE7B92906CF0500102CF2 /* Base */ = {isa = PBXFileReference; lastKnownFileType = file.storyboard; name = Base; path = Base.lproj/Main.storyboard; sourceTree = "<group>"; };
		2A2AE7BB2906CF0600102CF2 /* Assets.xcassets */ = {isa = PBXFileReference; lastKnownFileType = folder.assetcatalog; path = Assets.xcassets; sourceTree = "<group>"; };
		2A2AE7BE2906CF0600102CF2 /* Base */ = {isa = PBXFileReference; lastKnownFileType = file.storyboard; name = Base; path = Base.lproj/LaunchScreen.storyboard; sourceTree = "<group>"; };
		2A2AE7C02906CF0600102CF2 /* Info.plist */ = {isa = PBXFileReference; lastKnownFileType = text.plist.xml; path = Info.plist; sourceTree = "<group>"; };
		2A2AE7C52906CF0600102CF2 /* QuotesGeneratorTests.xctest */ = {isa = PBXFileReference; explicitFileType = wrapper.cfbundle; includeInIndex = 0; path = QuotesGeneratorTests.xctest; sourceTree = BUILT_PRODUCTS_DIR; };
		2A2AE7C92906CF0600102CF2 /* QuotesGeneratorTests.swift */ = {isa = PBXFileReference; lastKnownFileType = sourcecode.swift; path = QuotesGeneratorTests.swift; sourceTree = "<group>"; };
		2A2AE7CF2906CF0600102CF2 /* QuotesGeneratorUITests.xctest */ = {isa = PBXFileReference; explicitFileType = wrapper.cfbundle; includeInIndex = 0; path = QuotesGeneratorUITests.xctest; sourceTree = BUILT_PRODUCTS_DIR; };
		2A2AE7D32906CF0600102CF2 /* QuotesGeneratorUITests.swift */ = {isa = PBXFileReference; lastKnownFileType = sourcecode.swift; path = QuotesGeneratorUITests.swift; sourceTree = "<group>"; };
		2A2AE7D52906CF0600102CF2 /* QuotesGeneratorUITestsLaunchTests.swift */ = {isa = PBXFileReference; lastKnownFileType = sourcecode.swift; path = QuotesGeneratorUITestsLaunchTests.swift; sourceTree = "<group>"; };
/* End PBXFileReference section */

/* Begin PBXFrameworksBuildPhase section */
		2A2AE7AC2906CF0500102CF2 /* Frameworks */ = {
			isa = PBXFrameworksBuildPhase;
			buildActionMask = 2147483647;
			files = (
			);
			runOnlyForDeploymentPostprocessing = 0;
		};
		2A2AE7C22906CF0600102CF2 /* Frameworks */ = {
			isa = PBXFrameworksBuildPhase;
			buildActionMask = 2147483647;
			files = (
			);
			runOnlyForDeploymentPostprocessing = 0;
		};
		2A2AE7CC2906CF0600102CF2 /* Frameworks */ = {
			isa = PBXFrameworksBuildPhase;
			buildActionMask = 2147483647;
			files = (
			);
			runOnlyForDeploymentPostprocessing = 0;
		};
/* End PBXFrameworksBuildPhase section */

/* Begin PBXGroup section */
		2A2AE7A62906CF0500102CF2 = {
			isa = PBXGroup;
			children = (
				2A2AE7B12906CF0500102CF2 /* QuotesGenerator */,
				2A2AE7C82906CF0600102CF2 /* QuotesGeneratorTests */,
				2A2AE7D22906CF0600102CF2 /* QuotesGeneratorUITests */,
				2A2AE7B02906CF0500102CF2 /* Products */,
			);
			sourceTree = "<group>";
		};
		2A2AE7B02906CF0500102CF2 /* Products */ = {
			isa = PBXGroup;
			children = (
				2A2AE7AF2906CF0500102CF2 /* QuotesGenerator.app */,
				2A2AE7C52906CF0600102CF2 /* QuotesGeneratorTests.xctest */,
				2A2AE7CF2906CF0600102CF2 /* QuotesGeneratorUITests.xctest */,
			);
			name = Products;
			sourceTree = "<group>";
		};
		2A2AE7B12906CF0500102CF2 /* QuotesGenerator */ = {
			isa = PBXGroup;
			children = (
				2A2AE7B22906CF0500102CF2 /* AppDelegate.swift */,
				2A2AE7B42906CF0500102CF2 /* SceneDelegate.swift */,
				2A2AE7B62906CF0500102CF2 /* ViewController.swift */,
				2A2AE7B82906CF0500102CF2 /* Main.storyboard */,
				2A2AE7BB2906CF0600102CF2 /* Assets.xcassets */,
				2A2AE7BD2906CF0600102CF2 /* LaunchScreen.storyboard */,
				2A2AE7C02906CF0600102CF2 /* Info.plist */,
			);
			path = QuotesGenerator;
			sourceTree = "<group>";
		};
		2A2AE7C82906CF0600102CF2 /* QuotesGeneratorTests */ = {
			isa = PBXGroup;
			children = (
				2A2AE7C92906CF0600102CF2 /* QuotesGeneratorTests.swift */,
			);
			path = QuotesGeneratorTests;
			sourceTree = "<group>";
		};
		2A2AE7D22906CF0600102CF2 /* QuotesGeneratorUITests */ = {
			isa = PBXGroup;
			children = (
				2A2AE7D32906CF0600102CF2 /* QuotesGeneratorUITests.swift */,
				2A2AE7D52906CF0600102CF2 /* QuotesGeneratorUITestsLaunchTests.swift */,
			);
			path = QuotesGeneratorUITests;
			sourceTree = "<group>";
		};
/* End PBXGroup section */

/* Begin PBXNativeTarget section */
		2A2AE7AE2906CF0500102CF2 /* QuotesGenerator */ = {
			isa = PBXNativeTarget;
			buildConfigurationList = 2A2AE7D92906CF0600102CF2 /* Build configuration list for PBXNativeTarget "QuotesGenerator" */;
			buildPhases = (
				2A2AE7AB2906CF0500102CF2 /* Sources */,
				2A2AE7AC2906CF0500102CF2 /* Frameworks */,
				2A2AE7AD2906CF0500102CF2 /* Resources */,
			);
			buildRules = (
			);
			dependencies = (
			);
			name = QuotesGenerator;
			productName = QuotesGenerator;
			productReference = 2A2AE7AF2906CF0500102CF2 /* QuotesGenerator.app */;
			productType = "com.apple.product-type.application";
		};
		2A2AE7C42906CF0600102CF2 /* QuotesGeneratorTests */ = {
			isa = PBXNativeTarget;
			buildConfigurationList = 2A2AE7DC2906CF0600102CF2 /* Build configuration list for PBXNativeTarget "QuotesGeneratorTests" */;
			buildPhases = (
				2A2AE7C12906CF0600102CF2 /* Sources */,
				2A2AE7C22906CF0600102CF2 /* Frameworks */,
				2A2AE7C32906CF0600102CF2 /* Resources */,
			);
			buildRules = (
			);
			dependencies = (
				2A2AE7C72906CF0600102CF2 /* PBXTargetDependency */,
			);
			name = QuotesGeneratorTests;
			productName = QuotesGeneratorTests;
			productReference = 2A2AE7C52906CF0600102CF2 /* QuotesGeneratorTests.xctest */;
			productType = "com.apple.product-type.bundle.unit-test";
		};
		2A2AE7CE2906CF0600102CF2 /* QuotesGeneratorUITests */ = {
			isa = PBXNativeTarget;
			buildConfigurationList = 2A2AE7DF2906CF0600102CF2 /* Build configuration list for PBXNativeTarget "QuotesGeneratorUITests" */;
			buildPhases = (
				2A2AE7CB2906CF0600102CF2 /* Sources */,
				2A2AE7CC2906CF0600102CF2 /* Frameworks */,
				2A2AE7CD2906CF0600102CF2 /* Resources */,
			);
			buildRules = (
			);
			dependencies = (
				2A2AE7D12906CF0600102CF2 /* PBXTargetDependency */,
			);
			name = QuotesGeneratorUITests;
			productName = QuotesGeneratorUITests;
			productReference = 2A2AE7CF2906CF0600102CF2 /* QuotesGeneratorUITests.xctest */;
			productType = "com.apple.product-type.bundle.ui-testing";
		};
/* End PBXNativeTarget section */

/* Begin PBXProject section */
		2A2AE7A72906CF0500102CF2 /* Project object */ = {
			isa = PBXProject;
			attributes = {
				BuildIndependentTargetsInParallel = 1;
				LastSwiftUpdateCheck = 1400;
				LastUpgradeCheck = 1400;
				TargetAttributes = {
					2A2AE7AE2906CF0500102CF2 = {
						CreatedOnToolsVersion = 14.0.1;
					};
					2A2AE7C42906CF0600102CF2 = {
						CreatedOnToolsVersion = 14.0.1;
						TestTargetID = 2A2AE7AE2906CF0500102CF2;
					};
					2A2AE7CE2906CF0600102CF2 = {
						CreatedOnToolsVersion = 14.0.1;
						TestTargetID = 2A2AE7AE2906CF0500102CF2;
					};
				};
			};
			buildConfigurationList = 2A2AE7AA2906CF0500102CF2 /* Build configuration list for PBXProject "QuotesGenerator" */;
			compatibilityVersion = "Xcode 14.0";
			developmentRegion = en;
			hasScannedForEncodings = 0;
			knownRegions = (
				en,
				Base,
			);
			mainGroup = 2A2AE7A62906CF0500102CF2;
			productRefGroup = 2A2AE7B02906CF0500102CF2 /* Products */;
			projectDirPath = "";
			projectRoot = "";
			targets = (
				2A2AE7AE2906CF0500102CF2 /* QuotesGenerator */,
				2A2AE7C42906CF0600102CF2 /* QuotesGeneratorTests */,
				2A2AE7CE2906CF0600102CF2 /* QuotesGeneratorUITests */,
			);
		};
/* End PBXProject section */

/* Begin PBXResourcesBuildPhase section */
		2A2AE7AD2906CF0500102CF2 /* Resources */ = {
			isa = PBXResourcesBuildPhase;
			buildActionMask = 2147483647;
			files = (
				2A2AE7BF2906CF0600102CF2 /* LaunchScreen.storyboard in Resources */,
				2A2AE7BC2906CF0600102CF2 /* Assets.xcassets in Resources */,
				2A2AE7BA2906CF0500102CF2 /* Main.storyboard in Resources */,
			);
			runOnlyForDeploymentPostprocessing = 0;
		};
		2A2AE7C32906CF0600102CF2 /* Resources */ = {
			isa = PBXResourcesBuildPhase;
			buildActionMask = 2147483647;
			files = (
			);
			runOnlyForDeploymentPostprocessing = 0;
		};
		2A2AE7CD2906CF0600102CF2 /* Resources */ = {
			isa = PBXResourcesBuildPhase;
			buildActionMask = 2147483647;
			files = (
			);
			runOnlyForDeploymentPostprocessing = 0;
		};
/* End PBXResourcesBuildPhase section */

/* Begin PBXSourcesBuildPhase section */
		2A2AE7AB2906CF0500102CF2 /* Sources */ = {
			isa = PBXSourcesBuildPhase;
			buildActionMask = 2147483647;
			files = (
				2A2AE7B72906CF0500102CF2 /* ViewController.swift in Sources */,
				2A2AE7B32906CF0500102CF2 /* AppDelegate.swift in Sources */,
				2A2AE7B52906CF0500102CF2 /* SceneDelegate.swift in Sources */,
			);
			runOnlyForDeploymentPostprocessing = 0;
		};
		2A2AE7C12906CF0600102CF2 /* Sources */ = {
			isa = PBXSourcesBuildPhase;
			buildActionMask = 2147483647;
			files = (
				2A2AE7CA2906CF0600102CF2 /* QuotesGeneratorTests.swift in Sources */,
			);
			runOnlyForDeploymentPostprocessing = 0;
		};
		2A2AE7CB2906CF0600102CF2 /* Sources */ = {
			isa = PBXSourcesBuildPhase;
			buildActionMask = 2147483647;
			files = (
				2A2AE7D42906CF0600102CF2 /* QuotesGeneratorUITests.swift in Sources */,
				2A2AE7D62906CF0600102CF2 /* QuotesGeneratorUITestsLaunchTests.swift in Sources */,
			);
			runOnlyForDeploymentPostprocessing = 0;
		};
/* End PBXSourcesBuildPhase section */

/* Begin PBXTargetDependency section */
		2A2AE7C72906CF0600102CF2 /* PBXTargetDependency */ = {
			isa = PBXTargetDependency;
			target = 2A2AE7AE2906CF0500102CF2 /* QuotesGenerator */;
			targetProxy = 2A2AE7C62906CF0600102CF2 /* PBXContainerItemProxy */;
		};
		2A2AE7D12906CF0600102CF2 /* PBXTargetDependency */ = {
			isa = PBXTargetDependency;
			target = 2A2AE7AE2906CF0500102CF2 /* QuotesGenerator */;
			targetProxy = 2A2AE7D02906CF0600102CF2 /* PBXContainerItemProxy */;
		};
/* End PBXTargetDependency section */

/* Begin PBXVariantGroup section */
		2A2AE7B82906CF0500102CF2 /* Main.storyboard */ = {
			isa = PBXVariantGroup;
			children = (
				2A2AE7B92906CF0500102CF2 /* Base */,
			);
			name = Main.storyboard;
			sourceTree = "<group>";
		};
		2A2AE7BD2906CF0600102CF2 /* LaunchScreen.storyboard */ = {
			isa = PBXVariantGroup;
			children = (
				2A2AE7BE2906CF0600102CF2 /* Base */,
			);
			name = LaunchScreen.storyboard;
			sourceTree = "<group>";
		};
/* End PBXVariantGroup section */

/* Begin XCBuildConfiguration section */
		2A2AE7D72906CF0600102CF2 /* Debug */ = {
			isa = XCBuildConfiguration;
			buildSettings = {
				ALWAYS_SEARCH_USER_PATHS = NO;
				CLANG_ANALYZER_NONNULL = YES;
				CLANG_ANALYZER_NUMBER_OBJECT_CONVERSION = YES_AGGRESSIVE;
				CLANG_CXX_LANGUAGE_STANDARD = "gnu++20";
				CLANG_ENABLE_MODULES = YES;
				CLANG_ENABLE_OBJC_ARC = YES;
				CLANG_ENABLE_OBJC_WEAK = YES;
				CLANG_WARN_BLOCK_CAPTURE_AUTORELEASING = YES;
				CLANG_WARN_BOOL_CONVERSION = YES;
				CLANG_WARN_COMMA = YES;
				CLANG_WARN_CONSTANT_CONVERSION = YES;
				CLANG_WARN_DEPRECATED_OBJC_IMPLEMENTATIONS = YES;
				CLANG_WARN_DIRECT_OBJC_ISA_USAGE = YES_ERROR;
				CLANG_WARN_DOCUMENTATION_COMMENTS = YES;
				CLANG_WARN_EMPTY_BODY = YES;
				CLANG_WARN_ENUM_CONVERSION = YES;
				CLANG_WARN_INFINITE_RECURSION = YES;
				CLANG_WARN_INT_CONVERSION = YES;
				CLANG_WARN_NON_LITERAL_NULL_CONVERSION = YES;
				CLANG_WARN_OBJC_IMPLICIT_RETAIN_SELF = YES;
				CLANG_WARN_OBJC_LITERAL_CONVERSION = YES;
				CLANG_WARN_OBJC_ROOT_CLASS = YES_ERROR;
				CLANG_WARN_QUOTED_INCLUDE_IN_FRAMEWORK_HEADER = YES;
				CLANG_WARN_RANGE_LOOP_ANALYSIS = YES;
				CLANG_WARN_STRICT_PROTOTYPES = YES;
				CLANG_WARN_SUSPICIOUS_MOVE = YES;
				CLANG_WARN_UNGUARDED_AVAILABILITY = YES_AGGRESSIVE;
				CLANG_WARN_UNREACHABLE_CODE = YES;
				CLANG_WARN__DUPLICATE_METHOD_MATCH = YES;
				COPY_PHASE_STRIP = NO;
				DEBUG_INFORMATION_FORMAT = dwarf;
				ENABLE_STRICT_OBJC_MSGSEND = YES;
				ENABLE_TESTABILITY = YES;
				GCC_C_LANGUAGE_STANDARD = gnu11;
				GCC_DYNAMIC_NO_PIC = NO;
				GCC_NO_COMMON_BLOCKS = YES;
				GCC_OPTIMIZATION_LEVEL = 0;
				GCC_PREPROCESSOR_DEFINITIONS = (
					"DEBUG=1",
					"$(inherited)",
				);
				GCC_WARN_64_TO_32_BIT_CONVERSION = YES;
				GCC_WARN_ABOUT_RETURN_TYPE = YES_ERROR;
				GCC_WARN_UNDECLARED_SELECTOR = YES;
				GCC_WARN_UNINITIALIZED_AUTOS = YES_AGGRESSIVE;
				GCC_WARN_UNUSED_FUNCTION = YES;
				GCC_WARN_UNUSED_VARIABLE = YES;
				IPHONEOS_DEPLOYMENT_TARGET = 16.0;
				MTL_ENABLE_DEBUG_INFO = INCLUDE_SOURCE;
				MTL_FAST_MATH = YES;
				ONLY_ACTIVE_ARCH = YES;
				SDKROOT = iphoneos;
				SWIFT_ACTIVE_COMPILATION_CONDITIONS = DEBUG;
				SWIFT_OPTIMIZATION_LEVEL = "-Onone";
			};
			name = Debug;
		};
		2A2AE7D82906CF0600102CF2 /* Release */ = {
			isa = XCBuildConfiguration;
			buildSettings = {
				ALWAYS_SEARCH_USER_PATHS = NO;
				CLANG_ANALYZER_NONNULL = YES;
				CLANG_ANALYZER_NUMBER_OBJECT_CONVERSION = YES_AGGRESSIVE;
				CLANG_CXX_LANGUAGE_STANDARD = "gnu++20";
				CLANG_ENABLE_MODULES = YES;
				CLANG_ENABLE_OBJC_ARC = YES;
				CLANG_ENABLE_OBJC_WEAK = YES;
				CLANG_WARN_BLOCK_CAPTURE_AUTORELEASING = YES;
				CLANG_WARN_BOOL_CONVERSION = YES;
				CLANG_WARN_COMMA = YES;
				CLANG_WARN_CONSTANT_CONVERSION = YES;
				CLANG_WARN_DEPRECATED_OBJC_IMPLEMENTATIONS = YES;
				CLANG_WARN_DIRECT_OBJC_ISA_USAGE = YES_ERROR;
				CLANG_WARN_DOCUMENTATION_COMMENTS = YES;
				CLANG_WARN_EMPTY_BODY = YES;
				CLANG_WARN_ENUM_CONVERSION = YES;
				CLANG_WARN_INFINITE_RECURSION = YES;
				CLANG_WARN_INT_CONVERSION = YES;
				CLANG_WARN_NON_LITERAL_NULL_CONVERSION = YES;
				CLANG_WARN_OBJC_IMPLICIT_RETAIN_SELF = YES;
				CLANG_WARN_OBJC_LITERAL_CONVERSION = YES;
				CLANG_WARN_OBJC_ROOT_CLASS = YES_ERROR;
				CLANG_WARN_QUOTED_INCLUDE_IN_FRAMEWORK_HEADER = YES;
				CLANG_WARN_RANGE_LOOP_ANALYSIS = YES;
				CLANG_WARN_STRICT_PROTOTYPES = YES;
				CLANG_WARN_SUSPICIOUS_MOVE = YES;
				CLANG_WARN_UNGUARDED_AVAILABILITY = YES_AGGRESSIVE;
				CLANG_WARN_UNREACHABLE_CODE = YES;
				CLANG_WARN__DUPLICATE_METHOD_MATCH = YES;
				COPY_PHASE_STRIP = NO;
				DEBUG_INFORMATION_FORMAT = "dwarf-with-dsym";
				ENABLE_NS_ASSERTIONS = NO;
				ENABLE_STRICT_OBJC_MSGSEND = YES;
				GCC_C_LANGUAGE_STANDARD = gnu11;
				GCC_NO_COMMON_BLOCKS = YES;
				GCC_WARN_64_TO_32_BIT_CONVERSION = YES;
				GCC_WARN_ABOUT_RETURN_TYPE = YES_ERROR;
				GCC_WARN_UNDECLARED_SELECTOR = YES;
				GCC_WARN_UNINITIALIZED_AUTOS = YES_AGGRESSIVE;
				GCC_WARN_UNUSED_FUNCTION = YES;
				GCC_WARN_UNUSED_VARIABLE = YES;
				IPHONEOS_DEPLOYMENT_TARGET = 16.0;
				MTL_ENABLE_DEBUG_INFO = NO;
				MTL_FAST_MATH = YES;
				SDKROOT = iphoneos;
				SWIFT_COMPILATION_MODE = wholemodule;
				SWIFT_OPTIMIZATION_LEVEL = "-O";
				VALIDATE_PRODUCT = YES;
			};
			name = Release;
		};
		2A2AE7DA2906CF0600102CF2 /* Debug */ = {
			isa = XCBuildConfiguration;
			buildSettings = {
				ASSETCATALOG_COMPILER_APPICON_NAME = AppIcon;
				ASSETCATALOG_COMPILER_GLOBAL_ACCENT_COLOR_NAME = AccentColor;
				CODE_SIGN_STYLE = Automatic;
				CURRENT_PROJECT_VERSION = 1;
				DEVELOPMENT_TEAM = 3P94WK3K35;
				GENERATE_INFOPLIST_FILE = YES;
				INFOPLIST_FILE = QuotesGenerator/Info.plist;
				INFOPLIST_KEY_UIApplicationSupportsIndirectInputEvents = YES;
				INFOPLIST_KEY_UILaunchStoryboardName = LaunchScreen;
				INFOPLIST_KEY_UIMainStoryboardFile = Main;
				INFOPLIST_KEY_UISupportedInterfaceOrientations_iPad = "UIInterfaceOrientationPortrait UIInterfaceOrientationPortraitUpsideDown UIInterfaceOrientationLandscapeLeft UIInterfaceOrientationLandscapeRight";
				INFOPLIST_KEY_UISupportedInterfaceOrientations_iPhone = "UIInterfaceOrientationPortrait UIInterfaceOrientationLandscapeLeft UIInterfaceOrientationLandscapeRight";
				LD_RUNPATH_SEARCH_PATHS = (
					"$(inherited)",
					"@executable_path/Frameworks",
				);
				MARKETING_VERSION = 1.0;
				PRODUCT_BUNDLE_IDENTIFIER = com.wooju.test.QuotesGenerator;
				PRODUCT_NAME = "$(TARGET_NAME)";
				SWIFT_EMIT_LOC_STRINGS = YES;
				SWIFT_VERSION = 5.0;
				TARGETED_DEVICE_FAMILY = "1,2";
			};
			name = Debug;
		};
		2A2AE7DB2906CF0600102CF2 /* Release */ = {
			isa = XCBuildConfiguration;
			buildSettings = {
				ASSETCATALOG_COMPILER_APPICON_NAME = AppIcon;
				ASSETCATALOG_COMPILER_GLOBAL_ACCENT_COLOR_NAME = AccentColor;
				CODE_SIGN_STYLE = Automatic;
				CURRENT_PROJECT_VERSION = 1;
				DEVELOPMENT_TEAM = 3P94WK3K35;
				GENERATE_INFOPLIST_FILE = YES;
				INFOPLIST_FILE = QuotesGenerator/Info.plist;
				INFOPLIST_KEY_UIApplicationSupportsIndirectInputEvents = YES;
				INFOPLIST_KEY_UILaunchStoryboardName = LaunchScreen;
				INFOPLIST_KEY_UIMainStoryboardFile = Main;
				INFOPLIST_KEY_UISupportedInterfaceOrientations_iPad = "UIInterfaceOrientationPortrait UIInterfaceOrientationPortraitUpsideDown UIInterfaceOrientationLandscapeLeft UIInterfaceOrientationLandscapeRight";
				INFOPLIST_KEY_UISupportedInterfaceOrientations_iPhone = "UIInterfaceOrientationPortrait UIInterfaceOrientationLandscapeLeft UIInterfaceOrientationLandscapeRight";
				LD_RUNPATH_SEARCH_PATHS = (
					"$(inherited)",
					"@executable_path/Frameworks",
				);
				MARKETING_VERSION = 1.0;
				PRODUCT_BUNDLE_IDENTIFIER = com.wooju.test.QuotesGenerator;
				PRODUCT_NAME = "$(TARGET_NAME)";
				SWIFT_EMIT_LOC_STRINGS = YES;
				SWIFT_VERSION = 5.0;
				TARGETED_DEVICE_FAMILY = "1,2";
			};
			name = Release;
		};
		2A2AE7DD2906CF0600102CF2 /* Debug */ = {
			isa = XCBuildConfiguration;
			buildSettings = {
				ALWAYS_EMBED_SWIFT_STANDARD_LIBRARIES = YES;
				BUNDLE_LOADER = "$(TEST_HOST)";
				CODE_SIGN_STYLE = Automatic;
				CURRENT_PROJECT_VERSION = 1;
				DEVELOPMENT_TEAM = 3P94WK3K35;
				GENERATE_INFOPLIST_FILE = YES;
				IPHONEOS_DEPLOYMENT_TARGET = 16.0;
				MARKETING_VERSION = 1.0;
				PRODUCT_BUNDLE_IDENTIFIER = com.wooju.test.QuotesGeneratorTests;
				PRODUCT_NAME = "$(TARGET_NAME)";
				SWIFT_EMIT_LOC_STRINGS = NO;
				SWIFT_VERSION = 5.0;
				TARGETED_DEVICE_FAMILY = "1,2";
				TEST_HOST = "$(BUILT_PRODUCTS_DIR)/QuotesGenerator.app/$(BUNDLE_EXECUTABLE_FOLDER_PATH)/QuotesGenerator";
			};
			name = Debug;
		};
		2A2AE7DE2906CF0600102CF2 /* Release */ = {
			isa = XCBuildConfiguration;
			buildSettings = {
				ALWAYS_EMBED_SWIFT_STANDARD_LIBRARIES = YES;
				BUNDLE_LOADER = "$(TEST_HOST)";
				CODE_SIGN_STYLE = Automatic;
				CURRENT_PROJECT_VERSION = 1;
				DEVELOPMENT_TEAM = 3P94WK3K35;
				GENERATE_INFOPLIST_FILE = YES;
				IPHONEOS_DEPLOYMENT_TARGET = 16.0;
				MARKETING_VERSION = 1.0;
				PRODUCT_BUNDLE_IDENTIFIER = com.wooju.test.QuotesGeneratorTests;
				PRODUCT_NAME = "$(TARGET_NAME)";
				SWIFT_EMIT_LOC_STRINGS = NO;
				SWIFT_VERSION = 5.0;
				TARGETED_DEVICE_FAMILY = "1,2";
				TEST_HOST = "$(BUILT_PRODUCTS_DIR)/QuotesGenerator.app/$(BUNDLE_EXECUTABLE_FOLDER_PATH)/QuotesGenerator";
			};
			name = Release;
		};
		2A2AE7E02906CF0600102CF2 /* Debug */ = {
			isa = XCBuildConfiguration;
			buildSettings = {
				ALWAYS_EMBED_SWIFT_STANDARD_LIBRARIES = YES;
				CODE_SIGN_STYLE = Automatic;
				CURRENT_PROJECT_VERSION = 1;
				DEVELOPMENT_TEAM = 3P94WK3K35;
				GENERATE_INFOPLIST_FILE = YES;
				MARKETING_VERSION = 1.0;
				PRODUCT_BUNDLE_IDENTIFIER = com.wooju.test.QuotesGeneratorUITests;
				PRODUCT_NAME = "$(TARGET_NAME)";
				SWIFT_EMIT_LOC_STRINGS = NO;
				SWIFT_VERSION = 5.0;
				TARGETED_DEVICE_FAMILY = "1,2";
				TEST_TARGET_NAME = QuotesGenerator;
			};
			name = Debug;
		};
		2A2AE7E12906CF0600102CF2 /* Release */ = {
			isa = XCBuildConfiguration;
			buildSettings = {
				ALWAYS_EMBED_SWIFT_STANDARD_LIBRARIES = YES;
				CODE_SIGN_STYLE = Automatic;
				CURRENT_PROJECT_VERSION = 1;
				DEVELOPMENT_TEAM = 3P94WK3K35;
				GENERATE_INFOPLIST_FILE = YES;
				MARKETING_VERSION = 1.0;
				PRODUCT_BUNDLE_IDENTIFIER = com.wooju.test.QuotesGeneratorUITests;
				PRODUCT_NAME = "$(TARGET_NAME)";
				SWIFT_EMIT_LOC_STRINGS = NO;
				SWIFT_VERSION = 5.0;
				TARGETED_DEVICE_FAMILY = "1,2";
				TEST_TARGET_NAME = QuotesGenerator;
			};
			name = Release;
		};
/* End XCBuildConfiguration section */

/* Begin XCConfigurationList section */
		2A2AE7AA2906CF0500102CF2 /* Build configuration list for PBXProject "QuotesGenerator" */ = {
			isa = XCConfigurationList;
			buildConfigurations = (
				2A2AE7D72906CF0600102CF2 /* Debug */,
				2A2AE7D82906CF0600102CF2 /* Release */,
			);
			defaultConfigurationIsVisible = 0;
			defaultConfigurationName = Release;
		};
		2A2AE7D92906CF0600102CF2 /* Build configuration list for PBXNativeTarget "QuotesGenerator" */ = {
			isa = XCConfigurationList;
			buildConfigurations = (
				2A2AE7DA2906CF0600102CF2 /* Debug */,
				2A2AE7DB2906CF0600102CF2 /* Release */,
			);
			defaultConfigurationIsVisible = 0;
			defaultConfigurationName = Release;
		};
		2A2AE7DC2906CF0600102CF2 /* Build configuration list for PBXNativeTarget "QuotesGeneratorTests" */ = {
			isa = XCConfigurationList;
			buildConfigurations = (
				2A2AE7DD2906CF0600102CF2 /* Debug */,
				2A2AE7DE2906CF0600102CF2 /* Release */,
			);
			defaultConfigurationIsVisible = 0;
			defaultConfigurationName = Release;
		};
		2A2AE7DF2906CF0600102CF2 /* Build configuration list for PBXNativeTarget "QuotesGeneratorUITests" */ = {
			isa = XCConfigurationList;
			buildConfigurations = (
				2A2AE7E02906CF0600102CF2 /* Debug */,
				2A2AE7E12906CF0600102CF2 /* Release */,
			);
			defaultConfigurationIsVisible = 0;
			defaultConfigurationName = Release;
		};
/* End XCConfigurationList section */
	};
	rootObject = 2A2AE7A72906CF0500102CF2 /* Project object */;
}
